
Microsoft Visual Studio Solution File, Format Version 12.00
# Visual Studio Version 17
VisualStudioVersion = 17.8.34330.188
MinimumVisualStudioVersion = 10.0.40219.1
Project("{FAE04EC0-301F-11D3-BF4B-00C04F79EFBC}") = "MVC3ET", "MVC3ET\MVC3ET.csproj", "{D96399B8-1F63-44DA-8AED-433C51520BAC}"
EndProject
Project("{FAE04EC0-301F-11D3-BF4B-00C04F79EFBC}") = "MVC3ETTest", "MVC3ETTest\MVC3ETTest.csproj", "{9B5652FC-F55C-444F-A407-F32EF0430B1A}"
EndProject
Global
	GlobalSection(SolutionConfigurationPlatforms) = preSolution
		Debug|Any CPU = Debug|Any CPU
		Release|Any CPU = Release|Any CPU
	EndGlobalSection
	GlobalSection(ProjectConfigurationPlatforms) = postSolution
		{D96399B8-1F63-44DA-8AED-433C51520BAC}.Debug|Any CPU.ActiveCfg = Debug|Any CPU
		{D96399B8-1F63-44DA-8AED-433C51520BAC}.Debug|Any CPU.Build.0 = Debug|Any CPU
		{D96399B8-1F63-44DA-8AED-433C51520BAC}.Release|Any CPU.ActiveCfg = Release|Any CPU
		{D96399B8-1F63-44DA-8AED-433C51520BAC}.Release|Any CPU.Build.0 = Release|Any CPU
		{9B5652FC-F55C-444F-A407-F32EF0430B1A}.Debug|Any CPU.ActiveCfg = Debug|Any CPU
		{9B5652FC-F55C-444F-A407-F32EF0430B1A}.Debug|Any CPU.Build.0 = Debug|Any CPU
		{9B5652FC-F55C-444F-A407-F32EF0430B1A}.Release|Any CPU.ActiveCfg = Release|Any CPU
		{9B5652FC-F55C-444F-A407-F32EF0430B1A}.Release|Any CPU.Build.0 = Release|Any CPU
	EndGlobalSection
	GlobalSection(SolutionProperties) = preSolution
		HideSolutionNode = FALSE
	EndGlobalSection
	GlobalSection(ExtensibilityGlobals) = postSolution
		SolutionGuid = {6BB6FD11-F36B-44B3-82A0-18CEB7B1C946}
	EndGlobalSection
EndGlobal
